
Microsoft Visual Studio Solution File, Format Version 12.00
# Visual Studio Version 16
VisualStudioVersion = 16.0.31321.278
MinimumVisualStudioVersion = 10.0.40219.1
Project("{FAE04EC0-301F-11D3-BF4B-00C04F79EFBC}") = "InstagramPage", "InstragramPage\InstagramPage.csproj", "{BE846DC7-6CC3-4D7B-9622-2B00715B705A}"
EndProject
Global
	GlobalSection(SolutionConfigurationPlatforms) = preSolution
		Debug|Any CPU = Debug|Any CPU
		Release|Any CPU = Release|Any CPU
	EndGlobalSection
	GlobalSection(ProjectConfigurationPlatforms) = postSolution
		{BE846DC7-6CC3-4D7B-9622-2B00715B705A}.Debug|Any CPU.ActiveCfg = Debug|Any CPU
		{BE846DC7-6CC3-4D7B-9622-2B00715B705A}.Debug|Any CPU.Build.0 = Debug|Any CPU
		{BE846DC7-6CC3-4D7B-9622-2B00715B705A}.Release|Any CPU.ActiveCfg = Release|Any CPU
		{BE846DC7-6CC3-4D7B-9622-2B00715B705A}.Release|Any CPU.Build.0 = Release|Any CPU
	EndGlobalSection
	GlobalSection(SolutionProperties) = preSolution
		HideSolutionNode = FALSE
	EndGlobalSection
	GlobalSection(ExtensibilityGlobals) = postSolution
		SolutionGuid = {E3956C0B-593D-4EB6-B32F-83BD586AACA1}
	EndGlobalSection
EndGlobal
